
Microsoft Visual Studio Solution File, Format Version 12.00
Project("{FAE04EC0-301F-11D3-BF4B-00C04F79EFBC}") = "MetodyChisel4", "MetodyChisel4\MetodyChisel4.csproj", "{5D513080-CA00-45E2-9E51-FD3E3B29A6EF}"
EndProject
Global
	GlobalSection(SolutionConfigurationPlatforms) = preSolution
		Debug|Any CPU = Debug|Any CPU
		Release|Any CPU = Release|Any CPU
	EndGlobalSection
	GlobalSection(ProjectConfigurationPlatforms) = postSolution
		{5D513080-CA00-45E2-9E51-FD3E3B29A6EF}.Debug|Any CPU.ActiveCfg = Debug|Any CPU
		{5D513080-CA00-45E2-9E51-FD3E3B29A6EF}.Debug|Any CPU.Build.0 = Debug|Any CPU
		{5D513080-CA00-45E2-9E51-FD3E3B29A6EF}.Release|Any CPU.ActiveCfg = Release|Any CPU
		{5D513080-CA00-45E2-9E51-FD3E3B29A6EF}.Release|Any CPU.Build.0 = Release|Any CPU
	EndGlobalSection
EndGlobal
